{
    "_meta": {
        "hash": {
            "sha256": "37663e714100c2bba372461b833debc7c7336f25d47e2bc79f4737cb268863ef"
        },
        "pipfile-spec": 6,
        "requires": {
            "python_version": "3.7"
        },
        "sources": [
            {
                "name": "pypi",
                "url": "https://pypi.org/simple",
                "verify_ssl": true
            }
        ]
    },
    "default": {
        "django": {
            "hashes": [
                "sha256:7f246078d5a546f63c28fc03ce71f4d7a23677ce42109219c24c9ffb28416137",
                "sha256:ea50d85709708621d956187c6b61d9f9ce155007b496dd914fdb35db8d790aec"
            ],
            "index": "pypi",
            "version": "==2.1"
        },
        "django-contrib-comments": {
            "hashes": [
                "sha256:b83320a86081a76bc0570e6cc0f924c0ced40b46ae9f5dd783ab2c745b449529",
                "sha256:d1232bade3094de07dcc205fc833204384e71ba9d30caadcb5bb2882ce8e8d31"
            ],
            "index": "pypi",
            "version": "==1.9.2"
        },
        "django-filter": {
            "hashes": [
                "sha256:558c727bce3ffa89c4a7a0b13bc8976745d63e5fd576b3a9a851650ef11c401b",
                "sha256:c3deb57f0dd7ff94d7dce52a047516822013e2b441bed472b722a317658cfd14"
            ],
            "index": "pypi",
            "version": "==2.2.0"
        },
        "django-node-assets": {
            "hashes": [
                "sha256:0f60549719e1511405cb5d067d22603ea939322051dba3fc180f5e4a9a4cbc88",
                "sha256:2a3977809457f81e25e5be8aae2cbe4b422b077daaa655dcaf80904354c29340"
            ],
            "index": "pypi",
            "version": "==0.9.7"
        },
        "django-pyodbc-azure": {
            "hashes": [
                "sha256:1fa3b31f4432ef2c90c434b284ad093478f8221121dafef05fafbe2c4d872211"
            ],
            "index": "pypi",
            "version": "==2.1.0.0"
        },
        "django-require": {
            "hashes": [
                "sha256:01c4c48ee60753ca4485c1de8096d2af63d53d0198f53ca8564edb5ba33b166e"
            ],
            "index": "pypi",
            "version": "==1.0.11"
        },
        "django-six": {
            "hashes": [
                "sha256:b05c96f5a7dbdcf9b513748df27421e8d63e586399bac80a928a29d97d78d450",
                "sha256:d307483f3591fa3b471a3724659710229ea3127e112499f2b6f7fa7faa1e27e4"
            ],
            "index": "pypi",
            "version": "==1.0.4"
        },
        "pyodbc": {
            "hashes": [
                "sha256:0d4e14adb149cae45da37fa87aa297055156dae6e89ca3c75493d3d62d78e543",
                "sha256:0e4178e9b93329bbba17555882008e36a114179d06033b813a13b254dcd755d0",
                "sha256:2152ce6d5131d769ff5839aa762e12d844c95e9ec4bb2f666e8cd9dfa1ae2240",
                "sha256:339d8aa633b0c65be5149c3378c7e3b5bead94dc8bb023a715b416bd047a008e",
                "sha256:56ec4974096d40d6c62a228799122dbc2ade6c4045cc5d31860212a32cae95b1",
                "sha256:699c080b1c1f7b4afc368b3521fd1161f46a10223443692a249cb01d90949b31",
                "sha256:6c1e1c1fe747b0f6419e8df0b5c43161e7437dbf72f93f9fcfb9b7358fad3e12",
                "sha256:736acad1b264ddb7313058dfe37265b0c5160c1c2a9d1ffd391347c025eb5dd1",
                "sha256:9be5f0c3590655e1968488410fe3528bb8023d527e7ccec1f663d64245071a6b",
                "sha256:bbc07517f339e019ee9f1fe679c4241251d11ca2124567616f67d62e73c29fc0",
                "sha256:c066f032e69fd71e9fadb3a380dfe8ecd1728b40a2bf38f76054d284f8523b29",
                "sha256:cda790bdc25bfad12d4fb9ba93368275802f7f9ecfa4c9c65e982d3a7fc35f2e",
                "sha256:e81ebf9cab80a6eaba7922dea02036e9f8a507a7b818856b8008a02d6fc0d2ab"
            ],
            "version": "==4.0.32"
        },
        "pytz": {
            "hashes": [
                "sha256:1e760e2fe6a8163bc0b3d9a19c4f84342afa0a2affebfaa84b01b978a02ecaa7",
                "sha256:e68985985296d9a66a881eb3193b0906246245294a881e7c8afe623866ac6a5c"
            ],
            "version": "==2022.1"
        },
        "six": {
            "hashes": [
                "sha256:1e61c37477a1626458e36f7b1d82aa5c9b094fa4802892072e49de9c60c4c926",
                "sha256:8abb2f1d86890a2dfb989f9a77cfcfd3e47c2a354b01111771326f8aa26e0254"
            ],
            "markers": "python_version >= '2.7' and python_version not in '3.0, 3.1, 3.2, 3.3'",
            "version": "==1.16.0"
        },
        "waitress": {
            "hashes": [
                "sha256:c549f5b2b4afd44d9d97d7cec79f3ef581e25d832827f415dc175327af674aa8",
                "sha256:e2e60576cf14a1539da79f7b7ee1e79a71e64f366a0b47db54a15e971f57bb16"
            ],
            "index": "pypi",
            "version": "==2.1.1"
        }
    },
    "develop": {}
}
